
Microsoft Visual Studio Solution File, Format Version 12.00
# Visual Studio Version 17
VisualStudioVersion = 17.8.34309.116
MinimumVisualStudioVersion = 10.0.40219.1
Project("{F184B08F-C81C-45F6-A57F-5ABD9991F28F}") = "OpenFile and SaveFile Dialogs", "OpenFile and SaveFile Dialogs\OpenFile and SaveFile Dialogs.vbproj", "{94E90F72-6BCE-456A-8E9F-A25C74E9952D}"
EndProject
Global
	GlobalSection(SolutionConfigurationPlatforms) = preSolution
		Debug|Any CPU = Debug|Any CPU
		Release|Any CPU = Release|Any CPU
	EndGlobalSection
	GlobalSection(ProjectConfigurationPlatforms) = postSolution
		{94E90F72-6BCE-456A-8E9F-A25C74E9952D}.Debug|Any CPU.ActiveCfg = Debug|Any CPU
		{94E90F72-6BCE-456A-8E9F-A25C74E9952D}.Debug|Any CPU.Build.0 = Debug|Any CPU
		{94E90F72-6BCE-456A-8E9F-A25C74E9952D}.Release|Any CPU.ActiveCfg = Release|Any CPU
		{94E90F72-6BCE-456A-8E9F-A25C74E9952D}.Release|Any CPU.Build.0 = Release|Any CPU
	EndGlobalSection
	GlobalSection(SolutionProperties) = preSolution
		HideSolutionNode = FALSE
	EndGlobalSection
	GlobalSection(ExtensibilityGlobals) = postSolution
		SolutionGuid = {CC3BA328-DA77-4B84-967C-A3572A4F4079}
	EndGlobalSection
EndGlobal
